
Microsoft Visual Studio Solution File, Format Version 12.00
# Visual Studio Version 17
VisualStudioVersion = 17.7.34024.191
MinimumVisualStudioVersion = 10.0.40219.1
Project("{FAE04EC0-301F-11D3-BF4B-00C04F79EFBC}") = "LinkSharing.API", "LinkSharing.API\LinkSharing.API.csproj", "{59A2F543-3E6F-40B1-80BC-1BBB6B106823}"
EndProject
Global
	GlobalSection(SolutionConfigurationPlatforms) = preSolution
		Debug|Any CPU = Debug|Any CPU
		Release|Any CPU = Release|Any CPU
	EndGlobalSection
	GlobalSection(ProjectConfigurationPlatforms) = postSolution
		{59A2F543-3E6F-40B1-80BC-1BBB6B106823}.Debug|Any CPU.ActiveCfg = Debug|Any CPU
		{59A2F543-3E6F-40B1-80BC-1BBB6B106823}.Debug|Any CPU.Build.0 = Debug|Any CPU
		{59A2F543-3E6F-40B1-80BC-1BBB6B106823}.Release|Any CPU.ActiveCfg = Release|Any CPU
		{59A2F543-3E6F-40B1-80BC-1BBB6B106823}.Release|Any CPU.Build.0 = Release|Any CPU
	EndGlobalSection
	GlobalSection(SolutionProperties) = preSolution
		HideSolutionNode = FALSE
	EndGlobalSection
	GlobalSection(ExtensibilityGlobals) = postSolution
		SolutionGuid = {B33CB4CE-7F24-4F8B-BC2C-3F9E201EE35A}
	EndGlobalSection
EndGlobal
